
Microsoft Visual Studio Solution File, Format Version 12.00
# Visual Studio Version 17
VisualStudioVersion = 17.11.35201.85
MinimumVisualStudioVersion = 10.0.40219.1
Project("{9A19103F-16F7-4668-BE54-9A1E7A4F7556}") = "Restaurant.Template", "Restaurant.Template.csproj", "{1C0FD9AE-8267-4713-8F69-7342C1F970A7}"
EndProject
Project("{2150E333-8FDC-42A3-9474-1A3956D46DE8}") = "Solution Items", "Solution Items", "{4DB3316F-C360-44EC-93F3-5C8EFB1043A6}"
	ProjectSection(SolutionItems) = preProject
		Notes.txt = Notes.txt
	EndProjectSection
EndProject
Project("{2150E333-8FDC-42A3-9474-1A3956D46DE8}") = "Module", "Module", "{C5906B47-574A-4B57-A57E-C8D35DCCA13C}"
EndProject
Project("{9A19103F-16F7-4668-BE54-9A1E7A4F7556}") = "Restaurant.Foods", "..\src-module\Restaurant.Foods\Restaurant.Foods.csproj", "{2FF2DD65-9F54-48B2-8336-11B269ECF85B}"
EndProject
Project("{9A19103F-16F7-4668-BE54-9A1E7A4F7556}") = "Restaurant.Expenses", "..\src-module\Restaurant.Expenses\Restaurant.Expenses.csproj", "{80E15FB7-5B79-4860-AAAE-B7E10A2AC765}"
EndProject
Project("{9A19103F-16F7-4668-BE54-9A1E7A4F7556}") = "Restaurant.Peoples", "..\src-module\Restaurant.Peoples\Restaurant.Peoples.csproj", "{246EC1ED-85F3-4F1E-9B6A-0FC7706D5F47}"
EndProject
Project("{9A19103F-16F7-4668-BE54-9A1E7A4F7556}") = "Restaurant.Portals", "..\src-module\Restaurant.Portals\Restaurant.Portals.csproj", "{0A8ECD2B-CCBC-45A9-8226-84EDB7E5135F}"
EndProject
Project("{9A19103F-16F7-4668-BE54-9A1E7A4F7556}") = "Restaurant.Reports", "..\src-module\Restaurant.Reports\Restaurant.Reports.csproj", "{BAD24E67-47C4-49C5-A382-33F342D9BDCD}"
EndProject
Project("{9A19103F-16F7-4668-BE54-9A1E7A4F7556}") = "Restaurants.AdvancedSettings", "..\src-module\Restaurants.AdvancedSettings\Restaurants.AdvancedSettings.csproj", "{02BF74E2-35AF-464F-B2E8-9A48603EBF85}"
EndProject
Project("{2150E333-8FDC-42A3-9474-1A3956D46DE8}") = "DataAccess", "DataAccess", "{36C49799-64A7-471B-A35F-8EC8EC77CE88}"
EndProject
Project("{FAE04EC0-301F-11D3-BF4B-00C04F79EFBC}") = "Restaurant.DataAccess", "..\src-module\Restaurant.DataAccess\Restaurant.DataAccess.csproj", "{C1B24523-671E-43C8-9425-302FBA723358}"
EndProject
Global
	GlobalSection(SolutionConfigurationPlatforms) = preSolution
		Debug|Any CPU = Debug|Any CPU
		Release|Any CPU = Release|Any CPU
	EndGlobalSection
	GlobalSection(ProjectConfigurationPlatforms) = postSolution
		{1C0FD9AE-8267-4713-8F69-7342C1F970A7}.Debug|Any CPU.ActiveCfg = Debug|Any CPU
		{1C0FD9AE-8267-4713-8F69-7342C1F970A7}.Debug|Any CPU.Build.0 = Debug|Any CPU
		{1C0FD9AE-8267-4713-8F69-7342C1F970A7}.Release|Any CPU.ActiveCfg = Release|Any CPU
		{1C0FD9AE-8267-4713-8F69-7342C1F970A7}.Release|Any CPU.Build.0 = Release|Any CPU
		{2FF2DD65-9F54-48B2-8336-11B269ECF85B}.Debug|Any CPU.ActiveCfg = Debug|Any CPU
		{2FF2DD65-9F54-48B2-8336-11B269ECF85B}.Debug|Any CPU.Build.0 = Debug|Any CPU
		{2FF2DD65-9F54-48B2-8336-11B269ECF85B}.Release|Any CPU.ActiveCfg = Release|Any CPU
		{2FF2DD65-9F54-48B2-8336-11B269ECF85B}.Release|Any CPU.Build.0 = Release|Any CPU
		{80E15FB7-5B79-4860-AAAE-B7E10A2AC765}.Debug|Any CPU.ActiveCfg = Debug|Any CPU
		{80E15FB7-5B79-4860-AAAE-B7E10A2AC765}.Debug|Any CPU.Build.0 = Debug|Any CPU
		{80E15FB7-5B79-4860-AAAE-B7E10A2AC765}.Release|Any CPU.ActiveCfg = Release|Any CPU
		{80E15FB7-5B79-4860-AAAE-B7E10A2AC765}.Release|Any CPU.Build.0 = Release|Any CPU
		{246EC1ED-85F3-4F1E-9B6A-0FC7706D5F47}.Debug|Any CPU.ActiveCfg = Debug|Any CPU
		{246EC1ED-85F3-4F1E-9B6A-0FC7706D5F47}.Debug|Any CPU.Build.0 = Debug|Any CPU
		{246EC1ED-85F3-4F1E-9B6A-0FC7706D5F47}.Release|Any CPU.ActiveCfg = Release|Any CPU
		{246EC1ED-85F3-4F1E-9B6A-0FC7706D5F47}.Release|Any CPU.Build.0 = Release|Any CPU
		{0A8ECD2B-CCBC-45A9-8226-84EDB7E5135F}.Debug|Any CPU.ActiveCfg = Debug|Any CPU
		{0A8ECD2B-CCBC-45A9-8226-84EDB7E5135F}.Debug|Any CPU.Build.0 = Debug|Any CPU
		{0A8ECD2B-CCBC-45A9-8226-84EDB7E5135F}.Release|Any CPU.ActiveCfg = Release|Any CPU
		{0A8ECD2B-CCBC-45A9-8226-84EDB7E5135F}.Release|Any CPU.Build.0 = Release|Any CPU
		{BAD24E67-47C4-49C5-A382-33F342D9BDCD}.Debug|Any CPU.ActiveCfg = Debug|Any CPU
		{BAD24E67-47C4-49C5-A382-33F342D9BDCD}.Debug|Any CPU.Build.0 = Debug|Any CPU
		{BAD24E67-47C4-49C5-A382-33F342D9BDCD}.Release|Any CPU.ActiveCfg = Release|Any CPU
		{BAD24E67-47C4-49C5-A382-33F342D9BDCD}.Release|Any CPU.Build.0 = Release|Any CPU
		{02BF74E2-35AF-464F-B2E8-9A48603EBF85}.Debug|Any CPU.ActiveCfg = Debug|Any CPU
		{02BF74E2-35AF-464F-B2E8-9A48603EBF85}.Debug|Any CPU.Build.0 = Debug|Any CPU
		{02BF74E2-35AF-464F-B2E8-9A48603EBF85}.Release|Any CPU.ActiveCfg = Release|Any CPU
		{02BF74E2-35AF-464F-B2E8-9A48603EBF85}.Release|Any CPU.Build.0 = Release|Any CPU
		{C1B24523-671E-43C8-9425-302FBA723358}.Debug|Any CPU.ActiveCfg = Debug|Any CPU
		{C1B24523-671E-43C8-9425-302FBA723358}.Debug|Any CPU.Build.0 = Debug|Any CPU
		{C1B24523-671E-43C8-9425-302FBA723358}.Release|Any CPU.ActiveCfg = Release|Any CPU
		{C1B24523-671E-43C8-9425-302FBA723358}.Release|Any CPU.Build.0 = Release|Any CPU
	EndGlobalSection
	GlobalSection(SolutionProperties) = preSolution
		HideSolutionNode = FALSE
	EndGlobalSection
	GlobalSection(NestedProjects) = preSolution
		{2FF2DD65-9F54-48B2-8336-11B269ECF85B} = {C5906B47-574A-4B57-A57E-C8D35DCCA13C}
		{80E15FB7-5B79-4860-AAAE-B7E10A2AC765} = {C5906B47-574A-4B57-A57E-C8D35DCCA13C}
		{246EC1ED-85F3-4F1E-9B6A-0FC7706D5F47} = {C5906B47-574A-4B57-A57E-C8D35DCCA13C}
		{0A8ECD2B-CCBC-45A9-8226-84EDB7E5135F} = {C5906B47-574A-4B57-A57E-C8D35DCCA13C}
		{BAD24E67-47C4-49C5-A382-33F342D9BDCD} = {C5906B47-574A-4B57-A57E-C8D35DCCA13C}
		{02BF74E2-35AF-464F-B2E8-9A48603EBF85} = {C5906B47-574A-4B57-A57E-C8D35DCCA13C}
		{C1B24523-671E-43C8-9425-302FBA723358} = {36C49799-64A7-471B-A35F-8EC8EC77CE88}
	EndGlobalSection
	GlobalSection(ExtensibilityGlobals) = postSolution
		SolutionGuid = {1D807967-FA9A-452C-85AC-44C115BAFA53}
	EndGlobalSection
EndGlobal
